
Microsoft Visual Studio Solution File, Format Version 12.00
# Visual Studio Version 17
VisualStudioVersion = 17.0.32014.148
MinimumVisualStudioVersion = 10.0.40219.1
Project("{FAE04EC0-301F-11D3-BF4B-00C04F79EFBC}") = "BlazorAzureApp", "BlazorAzureApp.csproj", "{31E35F3D-9D48-452D-AEAD-015063443DD6}"
EndProject
Global
	GlobalSection(SolutionConfigurationPlatforms) = preSolution
		Debug|Any CPU = Debug|Any CPU
		Release|Any CPU = Release|Any CPU
	EndGlobalSection
	GlobalSection(ProjectConfigurationPlatforms) = postSolution
		{31E35F3D-9D48-452D-AEAD-015063443DD6}.Debug|Any CPU.ActiveCfg = Debug|Any CPU
		{31E35F3D-9D48-452D-AEAD-015063443DD6}.Debug|Any CPU.Build.0 = Debug|Any CPU
		{31E35F3D-9D48-452D-AEAD-015063443DD6}.Release|Any CPU.ActiveCfg = Release|Any CPU
		{31E35F3D-9D48-452D-AEAD-015063443DD6}.Release|Any CPU.Build.0 = Release|Any CPU
	EndGlobalSection
	GlobalSection(SolutionProperties) = preSolution
		HideSolutionNode = FALSE
	EndGlobalSection
	GlobalSection(ExtensibilityGlobals) = postSolution
		SolutionGuid = {0E6580CC-523D-4917-BFF9-A651EDD0C249}
	EndGlobalSection
EndGlobal
